<Solution>
  <Configurations>
    <Platform Name="Any CPU" />
    <Platform Name="x64" />
    <Platform Name="x86" />
  </Configurations>
  <Folder Name="/samples/">
    <Project Path="samples/PwnedPasswords.Mvc/PwnedPasswords.Mvc.csproj" />
  </Folder>
  <Folder Name="/Solution Items/">
    <File Path=".gitattributes" />
    <File Path=".gitignore" />
    <File Path="LICENSE" />
    <File Path="README.md" />
  </Folder>
  <Folder Name="/src/">
    <Project Path="src/PwnedPasswords/PwnedPasswords.csproj" />
  </Folder>
  <Folder Name="/tests/">
    <Project Path="tests/PwnedPasswords.Tests/PwnedPasswords.Tests.csproj" />
  </Folder>
</Solution>
