Microsoft Visual Studio Solution File, Format Version 12.00
# Visual Studio 15
VisualStudioVersion = 15.0.27130.2036
MinimumVisualStudioVersion = 15.0.26124.0
Project("{2150E333-8FDC-42A3-9474-1A3956D46DE8}") = "src", "src", "{00C3C48C-D9C7-454A-9ADE-B90EC32CDF7A}"
EndProject
Project("{9A19103F-16F7-4668-BE54-9A1E7A4F7556}") = "PwnedPasswords", "src\PwnedPasswords\PwnedPasswords.csproj", "{C2D6AA89-A4B7-4ECB-A947-32E68FA7CBB3}"
EndProject
Project("{2150E333-8FDC-42A3-9474-1A3956D46DE8}") = "samples", "samples", "{A16B669A-5D80-44E0-AF8D-EFB098ACF4D8}"
EndProject
Project("{9A19103F-16F7-4668-BE54-9A1E7A4F7556}") = "PwnedPasswords.Mvc", "samples\PwnedPasswords.Mvc\PwnedPasswords.Mvc.csproj", "{2A73F3FD-AFA9-492F-A1CC-6BF77CEB1E2D}"
EndProject
Global
	GlobalSection(SolutionConfigurationPlatforms) = preSolution
		Debug|Any CPU = Debug|Any CPU
		Debug|x64 = Debug|x64
		Debug|x86 = Debug|x86
		Release|Any CPU = Release|Any CPU
		Release|x64 = Release|x64
		Release|x86 = Release|x86
	EndGlobalSection
	GlobalSection(ProjectConfigurationPlatforms) = postSolution
		{C2D6AA89-A4B7-4ECB-A947-32E68FA7CBB3}.Debug|Any CPU.ActiveCfg = Debug|Any CPU
		{C2D6AA89-A4B7-4ECB-A947-32E68FA7CBB3}.Debug|Any CPU.Build.0 = Debug|Any CPU
		{C2D6AA89-A4B7-4ECB-A947-32E68FA7CBB3}.Debug|x64.ActiveCfg = Debug|Any CPU
		{C2D6AA89-A4B7-4ECB-A947-32E68FA7CBB3}.Debug|x64.Build.0 = Debug|Any CPU
		{C2D6AA89-A4B7-4ECB-A947-32E68FA7CBB3}.Debug|x86.ActiveCfg = Debug|Any CPU
		{C2D6AA89-A4B7-4ECB-A947-32E68FA7CBB3}.Debug|x86.Build.0 = Debug|Any CPU
		{C2D6AA89-A4B7-4ECB-A947-32E68FA7CBB3}.Release|Any CPU.ActiveCfg = Release|Any CPU
		{C2D6AA89-A4B7-4ECB-A947-32E68FA7CBB3}.Release|Any CPU.Build.0 = Release|Any CPU
		{C2D6AA89-A4B7-4ECB-A947-32E68FA7CBB3}.Release|x64.ActiveCfg = Release|Any CPU
		{C2D6AA89-A4B7-4ECB-A947-32E68FA7CBB3}.Release|x64.Build.0 = Release|Any CPU
		{C2D6AA89-A4B7-4ECB-A947-32E68FA7CBB3}.Release|x86.ActiveCfg = Release|Any CPU
		{C2D6AA89-A4B7-4ECB-A947-32E68FA7CBB3}.Release|x86.Build.0 = Release|Any CPU
		{2A73F3FD-AFA9-492F-A1CC-6BF77CEB1E2D}.Debug|Any CPU.ActiveCfg = Debug|Any CPU
		{2A73F3FD-AFA9-492F-A1CC-6BF77CEB1E2D}.Debug|Any CPU.Build.0 = Debug|Any CPU
		{2A73F3FD-AFA9-492F-A1CC-6BF77CEB1E2D}.Debug|x64.ActiveCfg = Debug|Any CPU
		{2A73F3FD-AFA9-492F-A1CC-6BF77CEB1E2D}.Debug|x64.Build.0 = Debug|Any CPU
		{2A73F3FD-AFA9-492F-A1CC-6BF77CEB1E2D}.Debug|x86.ActiveCfg = Debug|Any CPU
		{2A73F3FD-AFA9-492F-A1CC-6BF77CEB1E2D}.Debug|x86.Build.0 = Debug|Any CPU
		{2A73F3FD-AFA9-492F-A1CC-6BF77CEB1E2D}.Release|Any CPU.ActiveCfg = Release|Any CPU
		{2A73F3FD-AFA9-492F-A1CC-6BF77CEB1E2D}.Release|Any CPU.Build.0 = Release|Any CPU
		{2A73F3FD-AFA9-492F-A1CC-6BF77CEB1E2D}.Release|x64.ActiveCfg = Release|Any CPU
		{2A73F3FD-AFA9-492F-A1CC-6BF77CEB1E2D}.Release|x64.Build.0 = Release|Any CPU
		{2A73F3FD-AFA9-492F-A1CC-6BF77CEB1E2D}.Release|x86.ActiveCfg = Release|Any CPU
		{2A73F3FD-AFA9-492F-A1CC-6BF77CEB1E2D}.Release|x86.Build.0 = Release|Any CPU
	EndGlobalSection
	GlobalSection(SolutionProperties) = preSolution
		HideSolutionNode = FALSE
	EndGlobalSection
	GlobalSection(NestedProjects) = preSolution
		{C2D6AA89-A4B7-4ECB-A947-32E68FA7CBB3} = {00C3C48C-D9C7-454A-9ADE-B90EC32CDF7A}
		{2A73F3FD-AFA9-492F-A1CC-6BF77CEB1E2D} = {A16B669A-5D80-44E0-AF8D-EFB098ACF4D8}
	EndGlobalSection
	GlobalSection(ExtensibilityGlobals) = postSolution
		SolutionGuid = {620B0894-82B9-49F6-A4AC-F3B35461D6A6}
	EndGlobalSection
EndGlobal
